<?xml version="1.0" encoding="utf-8"?>
<Project ToolsVersion="4.0" xmlns="http://schemas.microsoft.com/developer/msbuild/2003">
  <ItemGroup>
    <Filter Include="Source Files">
      <UniqueIdentifier>{4FC737F1-C7A5-4376-A066-2A32D752A2FF}</UniqueIdentifier>
      <Extensions>cpp;c;cc;cxx;def;odl;idl;hpj;bat;asm;asmx</Extensions>
    </Filter>
    <Filter Include="Header Files">
      <UniqueIdentifier>{93995380-89BD-4b04-88EB-625FBE52EBFB}</UniqueIdentifier>
      <Extensions>h;hpp;hxx;hm;inl;inc;xsd</Extensions>
    </Filter>
    <Filter Include="Resource Files">
      <UniqueIdentifier>{67DA6AB6-F800-4c08-8B7A-83BB121AAD01}</UniqueIdentifier>
      <Extensions>rc;ico;cur;bmp;dlg;rc2;rct;bin;rgs;gif;jpg;jpeg;jpe;resx;tiff;tif;png;wav;mfcribbon-ms</Extensions>
    </Filter>
    <Filter Include="Header Files\debug">
      <UniqueIdentifier>{5184f3ad-4c2a-4e22-9b33-a550d7be2e29}</UniqueIdentifier>
    </Filter>
    <Filter Include="Source Files\debug">
      <UniqueIdentifier>{a4e8cfcc-2045-44a6-8fd0-eb4f159bc597}</UniqueIdentifier>
    </Filter>
    <Filter Include="Header Files\util">
      <UniqueIdentifier>{d67dcc8b-001b-4f0f-9f43-a3f93ad71f37}</UniqueIdentifier>
    </Filter>
    <Filter Include="Source Files\util">
      <UniqueIdentifier>{1597528d-b891-49d2-90d5-a420d39bfc3c}</UniqueIdentifier>
    </Filter>
    <Filter Include="Source Files\core">
      <UniqueIdentifier>{a88d75b4-4aba-4d22-87b4-d9dd8a395cd7}</UniqueIdentifier>
    </Filter>
    <Filter Include="Header Files\core">
      <UniqueIdentifier>{906fed4b-ab57-44ec-b352-a79284071acb}</UniqueIdentifier>
    </Filter>
    <Filter Include="Header Files\script">
      <UniqueIdentifier>{54e27d63-fa54-42e9-8a75-3c1336c87bd6}</UniqueIdentifier>
    </Filter>
    <Filter Include="Source Files\script">
      <UniqueIdentifier>{c4215533-3711-484e-b6db-402980aca1bd}</UniqueIdentifier>
    </Filter>
    <Filter Include="Header Files\gui">
      <UniqueIdentifier>{311879de-c9d1-4043-b7d1-e1b715797d27}</UniqueIdentifier>
    </Filter>
    <Filter Include="Source Files\gui">
      <UniqueIdentifier>{5c87546f-500d-4bd5-af7a-8ca8e7e54a0d}</UniqueIdentifier>
    </Filter>
    <Filter Include="xml">
      <UniqueIdentifier>{9e013cde-d356-4b3a-afe4-c356da1f7e75}</UniqueIdentifier>
    </Filter>
    <Filter Include="Header Files\scene">
      <UniqueIdentifier>{fe77898c-c69b-4387-823e-e3d829b97ebc}</UniqueIdentifier>
    </Filter>
    <Filter Include="Header Files\device">
      <UniqueIdentifier>{d77748b1-61c5-45f8-9e30-e0d72d6d77ef}</UniqueIdentifier>
    </Filter>
    <Filter Include="Source Files\scene">
      <UniqueIdentifier>{2682b293-4eb7-437e-9e49-8f882c552445}</UniqueIdentifier>
    </Filter>
  </ItemGroup>
  <ItemGroup>
    <ClInclude Include="..\..\..\common\debug\out.h">
      <Filter>Header Files\debug</Filter>
    </ClInclude>
    <ClInclude Include="..\..\..\common\xml\pugiconfig.hpp">
      <Filter>xml</Filter>
    </ClInclude>
    <ClInclude Include="..\..\..\common\xml\pugixml.hpp">
      <Filter>xml</Filter>
    </ClInclude>
    <ClInclude Include="..\..\..\common\scene\node.h">
      <Filter>Header Files\scene</Filter>
    </ClInclude>
    <ClInclude Include="..\..\..\common\scene\node_types.h">
      <Filter>Header Files\scene</Filter>
    </ClInclude>
    <ClInclude Include="..\..\..\common\scene\node_camera.h">
      <Filter>Header Files\scene</Filter>
    </ClInclude>
    <ClInclude Include="..\..\..\common\scene\node_light.h">
      <Filter>Header Files\scene</Filter>
    </ClInclude>
    <ClInclude Include="..\..\..\common\scene\node_mesh.h">
      <Filter>Header Files\scene</Filter>
    </ClInclude>
    <ClInclude Include="..\..\..\common\scene\node_scene.h">
      <Filter>Header Files\scene</Filter>
    </ClInclude>
    <ClInclude Include="..\..\..\common\device\device.h">
      <Filter>Header Files\device</Filter>
    </ClInclude>
    <ClInclude Include="..\..\..\common\device\gfxdefines.h">
      <Filter>Header Files\device</Filter>
    </ClInclude>
    <ClInclude Include="..\..\..\common\device\gfxdriver.h">
      <Filter>Header Files\device</Filter>
    </ClInclude>
    <ClInclude Include="..\..\..\common\scene\scene_manager.h">
      <Filter>Header Files\scene</Filter>
    </ClInclude>
    <ClInclude Include="..\..\..\common\core\types.h">
      <Filter>Header Files\core</Filter>
    </ClInclude>
    <ClInclude Include="..\..\..\common\core\vector3.h">
      <Filter>Header Files\core</Filter>
    </ClInclude>
    <ClInclude Include="..\..\..\common\script\script.h">
      <Filter>Header Files\script</Filter>
    </ClInclude>
    <ClInclude Include="..\..\..\common\core\color.h">
      <Filter>Header Files\core</Filter>
    </ClInclude>
  </ItemGroup>
  <ItemGroup>
    <ClCompile Include="..\..\..\common\debug\out.cpp">
      <Filter>Source Files\debug</Filter>
    </ClCompile>
    <ClCompile Include="..\..\..\common\xml\pugixml.cpp">
      <Filter>xml</Filter>
    </ClCompile>
    <ClCompile Include="..\..\..\common\scene\scene_manager.cpp">
      <Filter>Source Files\scene</Filter>
    </ClCompile>
  </ItemGroup>
</Project>